// !$*UTF8*$!
{
	archiveVersion = 1;
	classes = {
	};
	objectVersion = 46;
	objects = {

/* Begin PBXBuildFile section */
		841382D31E7E9B6D003ED771 /* AppDelegate.swift in Sources */ = {isa = PBXBuildFile; fileRef = 841382D21E7E9B6D003ED771 /* AppDelegate.swift */; };
		841382D51E7E9B6D003ED771 /* ViewController.swift in Sources */ = {isa = PBXBuildFile; fileRef = 841382D41E7E9B6D003ED771 /* ViewController.swift */; };
		841382D81E7E9B6E003ED771 /* Main.storyboard in Resources */ = {isa = PBXBuildFile; fileRef = 841382D61E7E9B6E003ED771 /* Main.storyboard */; };
		841382DA1E7E9B6E003ED771 /* Assets.xcassets in Resources */ = {isa = PBXBuildFile; fileRef = 841382D91E7E9B6E003ED771 /* Assets.xcassets */; };
		841382DD1E7E9B6E003ED771 /* LaunchScreen.storyboard in Resources */ = {isa = PBXBuildFile; fileRef = 841382DB1E7E9B6E003ED771 /* LaunchScreen.storyboard */; };
/* End PBXBuildFile section */

/* Begin PBXFileReference section */
		841382CF1E7E9B6D003ED771 /* Alcoholic.app */ = {isa = PBXFileReference; explicitFileType = wrapper.application; includeInIndex = 0; path = Alcoholic.app; sourceTree = BUILT_PRODUCTS_DIR; };
		841382D21E7E9B6D003ED771 /* AppDelegate.swift */ = {isa = PBXFileReference; lastKnownFileType = sourcecode.swift; path = AppDelegate.swift; sourceTree = "<group>"; };
		841382D41E7E9B6D003ED771 /* ViewController.swift */ = {isa = PBXFileReference; lastKnownFileType = sourcecode.swift; path = ViewController.swift; sourceTree = "<group>"; };
		841382D71E7E9B6E003ED771 /* Base */ = {isa = PBXFileReference; lastKnownFileType = file.storyboard; name = Base; path = Base.lproj/Main.storyboard; sourceTree = "<group>"; };
		841382D91E7E9B6E003ED771 /* Assets.xcassets */ = {isa = PBXFileReference; lastKnownFileType = folder.assetcatalog; path = Assets.xcassets; sourceTree = "<group>"; };
		841382DC1E7E9B6E003ED771 /* Base */ = {isa = PBXFileReference; lastKnownFileType = file.storyboard; name = Base; path = Base.lproj/LaunchScreen.storyboard; sourceTree = "<group>"; };
		841382DE1E7E9B6E003ED771 /* Info.plist */ = {isa = PBXFileReference; lastKnownFileType = text.plist.xml; path = Info.plist; sourceTree = "<group>"; };
/* End PBXFileReference section */

/* Begin PBXFrameworksBuildPhase section */
		841382CC1E7E9B6D003ED771 /* Frameworks */ = {
			isa = PBXFrameworksBuildPhase;
			buildActionMask = 2147483647;
			files = (
			);
			runOnlyForDeploymentPostprocessing = 0;
		};
/* End PBXFrameworksBuildPhase section */

/* Begin PBXGroup section */
		841382C61E7E9B6D003ED771 = {
			isa = PBXGroup;
			children = (
				841382D11E7E9B6D003ED771 /* Alcoholic */,
				841382D01E7E9B6D003ED771 /* Products */,
			);
			sourceTree = "<group>";
		};
		841382D01E7E9B6D003ED771 /* Products */ = {
			isa = PBXGroup;
			children = (
				841382CF1E7E9B6D003ED771 /* Alcoholic.app */,
			);
			name = Products;
			sourceTree = "<group>";
		};
		841382D11E7E9B6D003ED771 /* Alcoholic */ = {
			isa = PBXGroup;
			children = (
				841382D21E7E9B6D003ED771 /* AppDelegate.swift */,
				841382D41E7E9B6D003ED771 /* ViewController.swift */,
				841382D61E7E9B6E003ED771 /* Main.storyboard */,
				841382D91E7E9B6E003ED771 /* Assets.xcassets */,
				841382DB1E7E9B6E003ED771 /* LaunchScreen.storyboard */,
				841382DE1E7E9B6E003ED771 /* Info.plist */,
			);
			path = Alcoholic;
			sourceTree = "<group>";
		};
/* End PBXGroup section */

/* Begin PBXNativeTarget section */
		841382CE1E7E9B6D003ED771 /* Alcoholic */ = {
			isa = PBXNativeTarget;
			buildConfigurationList = 841382E11E7E9B6E003ED771 /* Build configuration list for PBXNativeTarget "Alcoholic" */;
			buildPhases = (
				841382CB1E7E9B6D003ED771 /* Sources */,
				841382CC1E7E9B6D003ED771 /* Frameworks */,
				841382CD1E7E9B6D003ED771 /* Resources */,
			);
			buildRules = (
			);
			dependencies = (
			);
			name = Alcoholic;
			productName = Alcoholic;
			productReference = 841382CF1E7E9B6D003ED771 /* Alcoholic.app */;
			productType = "com.apple.product-type.application";
		};
/* End PBXNativeTarget section */

/* Begin PBXProject section */
		841382C71E7E9B6D003ED771 /* Project object */ = {
			isa = PBXProject;
			attributes = {
				LastSwiftUpdateCheck = 0820;
				LastUpgradeCheck = 0820;
				ORGANIZATIONNAME = home;
				TargetAttributes = {
					841382CE1E7E9B6D003ED771 = {
						CreatedOnToolsVersion = 8.2.1;
						DevelopmentTeam = 8CA55PHD76;
						ProvisioningStyle = Automatic;
					};
				};
			};
			buildConfigurationList = 841382CA1E7E9B6D003ED771 /* Build configuration list for PBXProject "Alcoholic" */;
			compatibilityVersion = "Xcode 3.2";
			developmentRegion = English;
			hasScannedForEncodings = 0;
			knownRegions = (
				en,
				Base,
			);
			mainGroup = 841382C61E7E9B6D003ED771;
			productRefGroup = 841382D01E7E9B6D003ED771 /* Products */;
			projectDirPath = "";
			projectRoot = "";
			targets = (
				841382CE1E7E9B6D003ED771 /* Alcoholic */,
			);
		};
/* End PBXProject section */

/* Begin PBXResourcesBuildPhase section */
		841382CD1E7E9B6D003ED771 /* Resources */ = {
			isa = PBXResourcesBuildPhase;
			buildActionMask = 2147483647;
			files = (
				841382DD1E7E9B6E003ED771 /* LaunchScreen.storyboard in Resources */,
				841382DA1E7E9B6E003ED771 /* Assets.xcassets in Resources */,
				841382D81E7E9B6E003ED771 /* Main.storyboard in Resources */,
			);
			runOnlyForDeploymentPostprocessing = 0;
		};
/* End PBXResourcesBuildPhase section */

/* Begin PBXSourcesBuildPhase section */
		841382CB1E7E9B6D003ED771 /* Sources */ = {
			isa = PBXSourcesBuildPhase;
			buildActionMask = 2147483647;
			files = (
				841382D51E7E9B6D003ED771 /* ViewController.swift in Sources */,
				841382D31E7E9B6D003ED771 /* AppDelegate.swift in Sources */,
			);
			runOnlyForDeploymentPostprocessing = 0;
		};
/* End PBXSourcesBuildPhase section */

/* Begin PBXVariantGroup section */
		841382D61E7E9B6E003ED771 /* Main.storyboard */ = {
			isa = PBXVariantGroup;
			children = (
				841382D71E7E9B6E003ED771 /* Base */,
			);
			name = Main.storyboard;
			sourceTree = "<group>";
		};
		841382DB1E7E9B6E003ED771 /* LaunchScreen.storyboard */ = {
			isa = PBXVariantGroup;
			children = (
				841382DC1E7E9B6E003ED771 /* Base */,
			);
			name = LaunchScreen.storyboard;
			sourceTree = "<group>";
		};
/* End PBXVariantGroup section */

/* Begin XCBuildConfiguration section */
		841382DF1E7E9B6E003ED771 /* Debug */ = {
			isa = XCBuildConfiguration;
			buildSettings = {
				ALWAYS_SEARCH_USER_PATHS = NO;
				CLANG_ANALYZER_NONNULL = YES;
				CLANG_CXX_LANGUAGE_STANDARD = "gnu++0x";
				CLANG_CXX_LIBRARY = "libc++";
				CLANG_ENABLE_MODULES = YES;
				CLANG_ENABLE_OBJC_ARC = YES;
				CLANG_WARN_BOOL_CONVERSION = YES;
				CLANG_WARN_CONSTANT_CONVERSION = YES;
				CLANG_WARN_DIRECT_OBJC_ISA_USAGE = YES_ERROR;
				CLANG_WARN_DOCUMENTATION_COMMENTS = YES;
				CLANG_WARN_EMPTY_BODY = YES;
				CLANG_WARN_ENUM_CONVERSION = YES;
				CLANG_WARN_INFINITE_RECURSION = YES;
				CLANG_WARN_INT_CONVERSION = YES;
				CLANG_WARN_OBJC_ROOT_CLASS = YES_ERROR;
				CLANG_WARN_SUSPICIOUS_MOVE = YES;
				CLANG_WARN_UNREACHABLE_CODE = YES;
				CLANG_WARN__DUPLICATE_METHOD_MATCH = YES;
				"CODE_SIGN_IDENTITY[sdk=iphoneos*]" = "iPhone Developer";
				COPY_PHASE_STRIP = NO;
				DEBUG_INFORMATION_FORMAT = dwarf;
				ENABLE_STRICT_OBJC_MSGSEND = YES;
				ENABLE_TESTABILITY = YES;
				GCC_C_LANGUAGE_STANDARD = gnu99;
				GCC_DYNAMIC_NO_PIC = NO;
				GCC_NO_COMMON_BLOCKS = YES;
				GCC_OPTIMIZATION_LEVEL = 0;
				GCC_PREPROCESSOR_DEFINITIONS = (
					"DEBUG=1",
					"$(inherited)",
				);
				GCC_WARN_64_TO_32_BIT_CONVERSION = YES;
				GCC_WARN_ABOUT_RETURN_TYPE = YES_ERROR;
				GCC_WARN_UNDECLARED_SELECTOR = YES;
				GCC_WARN_UNINITIALIZED_AUTOS = YES_AGGRESSIVE;
				GCC_WARN_UNUSED_FUNCTION = YES;
				GCC_WARN_UNUSED_VARIABLE = YES;
				IPHONEOS_DEPLOYMENT_TARGET = 10.2;
				MTL_ENABLE_DEBUG_INFO = YES;
				ONLY_ACTIVE_ARCH = YES;
				SDKROOT = iphoneos;
				SWIFT_ACTIVE_COMPILATION_CONDITIONS = DEBUG;
				SWIFT_OPTIMIZATION_LEVEL = "-Onone";
				TARGETED_DEVICE_FAMILY = "1,2";
			};
			name = Debug;
		};
		841382E01E7E9B6E003ED771 /* Release */ = {
			isa = XCBuildConfiguration;
			buildSettings = {
				ALWAYS_SEARCH_USER_PATHS = NO;
				CLANG_ANALYZER_NONNULL = YES;
				CLANG_CXX_LANGUAGE_STANDARD = "gnu++0x";
				CLANG_CXX_LIBRARY = "libc++";
				CLANG_ENABLE_MODULES = YES;
				CLANG_ENABLE_OBJC_ARC = YES;
				CLANG_WARN_BOOL_CONVERSION = YES;
				CLANG_WARN_CONSTANT_CONVERSION = YES;
				CLANG_WARN_DIRECT_OBJC_ISA_USAGE = YES_ERROR;
				CLANG_WARN_DOCUMENTATION_COMMENTS = YES;
				CLANG_WARN_EMPTY_BODY = YES;
				CLANG_WARN_ENUM_CONVERSION = YES;
				CLANG_WARN_INFINITE_RECURSION = YES;
				CLANG_WARN_INT_CONVERSION = YES;
				CLANG_WARN_OBJC_ROOT_CLASS = YES_ERROR;
				CLANG_WARN_SUSPICIOUS_MOVE = YES;
				CLANG_WARN_UNREACHABLE_CODE = YES;
				CLANG_WARN__DUPLICATE_METHOD_MATCH = YES;
				"CODE_SIGN_IDENTITY[sdk=iphoneos*]" = "iPhone Developer";
				COPY_PHASE_STRIP = NO;
				DEBUG_INFORMATION_FORMAT = "dwarf-with-dsym";
				ENABLE_NS_ASSERTIONS = NO;
				ENABLE_STRICT_OBJC_MSGSEND = YES;
				GCC_C_LANGUAGE_STANDARD = gnu99;
				GCC_NO_COMMON_BLOCKS = YES;
				GCC_WARN_64_TO_32_BIT_CONVERSION = YES;
				GCC_WARN_ABOUT_RETURN_TYPE = YES_ERROR;
				GCC_WARN_UNDECLARED_SELECTOR = YES;
				GCC_WARN_UNINITIALIZED_AUTOS = YES_AGGRESSIVE;
				GCC_WARN_UNUSED_FUNCTION = YES;
				GCC_WARN_UNUSED_VARIABLE = YES;
				IPHONEOS_DEPLOYMENT_TARGET = 10.2;
				MTL_ENABLE_DEBUG_INFO = NO;
				SDKROOT = iphoneos;
				SWIFT_OPTIMIZATION_LEVEL = "-Owholemodule";
				TARGETED_DEVICE_FAMILY = "1,2";
				VALIDATE_PRODUCT = YES;
			};
			name = Release;
		};
		841382E21E7E9B6E003ED771 /* Debug */ = {
			isa = XCBuildConfiguration;
			buildSettings = {
				ASSETCATALOG_COMPILER_APPICON_NAME = AppIcon;
				DEVELOPMENT_TEAM = 8CA55PHD76;
				INFOPLIST_FILE = Alcoholic/Info.plist;
				LD_RUNPATH_SEARCH_PATHS = "$(inherited) @executable_path/Frameworks";
				PRODUCT_BUNDLE_IDENTIFIER = home.Alcoholic;
				PRODUCT_NAME = "$(TARGET_NAME)";
				SWIFT_VERSION = 3.0;
			};
			name = Debug;
		};
		841382E31E7E9B6E003ED771 /* Release */ = {
			isa = XCBuildConfiguration;
			buildSettings = {
				ASSETCATALOG_COMPILER_APPICON_NAME = AppIcon;
				DEVELOPMENT_TEAM = 8CA55PHD76;
				INFOPLIST_FILE = Alcoholic/Info.plist;
				LD_RUNPATH_SEARCH_PATHS = "$(inherited) @executable_path/Frameworks";
				PRODUCT_BUNDLE_IDENTIFIER = home.Alcoholic;
				PRODUCT_NAME = "$(TARGET_NAME)";
				SWIFT_VERSION = 3.0;
			};
			name = Release;
		};
/* End XCBuildConfiguration section */

/* Begin XCConfigurationList section */
		841382CA1E7E9B6D003ED771 /* Build configuration list for PBXProject "Alcoholic" */ = {
			isa = XCConfigurationList;
			buildConfigurations = (
				841382DF1E7E9B6E003ED771 /* Debug */,
				841382E01E7E9B6E003ED771 /* Release */,
			);
			defaultConfigurationIsVisible = 0;
			defaultConfigurationName = Release;
		};
		841382E11E7E9B6E003ED771 /* Build configuration list for PBXNativeTarget "Alcoholic" */ = {
			isa = XCConfigurationList;
			buildConfigurations = (
				841382E21E7E9B6E003ED771 /* Debug */,
				841382E31E7E9B6E003ED771 /* Release */,
			);
			defaultConfigurationIsVisible = 0;
		};
/* End XCConfigurationList section */
	};
	rootObject = 841382C71E7E9B6D003ED771 /* Project object */;
}
